// !$*UTF8*$!
{
	archiveVersion = 1;
	classes = {
	};
	objectVersion = 56;
	objects = {

/* Begin PBXBuildFile section */
		831FCB2E2A5A5EC300AF84C0 /* reservationApp.swift in Sources */ = {isa = PBXBuildFile; fileRef = 831FCB2D2A5A5EC300AF84C0 /* reservationApp.swift */; };
		831FCB302A5A5EC300AF84C0 /* ContentView.swift in Sources */ = {isa = PBXBuildFile; fileRef = 831FCB2F2A5A5EC300AF84C0 /* ContentView.swift */; };
		831FCB322A5A5EC400AF84C0 /* Assets.xcassets in Resources */ = {isa = PBXBuildFile; fileRef = 831FCB312A5A5EC400AF84C0 /* Assets.xcassets */; };
		831FCB352A5A5EC400AF84C0 /* Preview Assets.xcassets in Resources */ = {isa = PBXBuildFile; fileRef = 831FCB342A5A5EC400AF84C0 /* Preview Assets.xcassets */; };
		831FCB3F2A5A5EC500AF84C0 /* reservationTests.swift in Sources */ = {isa = PBXBuildFile; fileRef = 831FCB3E2A5A5EC500AF84C0 /* reservationTests.swift */; };
		831FCB492A5A5EC500AF84C0 /* reservationUITests.swift in Sources */ = {isa = PBXBuildFile; fileRef = 831FCB482A5A5EC500AF84C0 /* reservationUITests.swift */; };
		831FCB4B2A5A5EC500AF84C0 /* reservationUITestsLaunchTests.swift in Sources */ = {isa = PBXBuildFile; fileRef = 831FCB4A2A5A5EC500AF84C0 /* reservationUITestsLaunchTests.swift */; };
		831FCB582A5A9D7600AF84C0 /* MyCustomView.swift in Sources */ = {isa = PBXBuildFile; fileRef = 831FCB572A5A9D7600AF84C0 /* MyCustomView.swift */; };
		831FCB5A2A5B018C00AF84C0 /* ReservationForm.swift in Sources */ = {isa = PBXBuildFile; fileRef = 831FCB592A5B018C00AF84C0 /* ReservationForm.swift */; };
/* End PBXBuildFile section */

/* Begin PBXContainerItemProxy section */
		831FCB3B2A5A5EC500AF84C0 /* PBXContainerItemProxy */ = {
			isa = PBXContainerItemProxy;
			containerPortal = 831FCB222A5A5EC300AF84C0 /* Project object */;
			proxyType = 1;
			remoteGlobalIDString = 831FCB292A5A5EC300AF84C0;
			remoteInfo = reservation;
		};
		831FCB452A5A5EC500AF84C0 /* PBXContainerItemProxy */ = {
			isa = PBXContainerItemProxy;
			containerPortal = 831FCB222A5A5EC300AF84C0 /* Project object */;
			proxyType = 1;
			remoteGlobalIDString = 831FCB292A5A5EC300AF84C0;
			remoteInfo = reservation;
		};
/* End PBXContainerItemProxy section */

/* Begin PBXFileReference section */
		831FCB2A2A5A5EC300AF84C0 /* reservation.app */ = {isa = PBXFileReference; explicitFileType = wrapper.application; includeInIndex = 0; path = reservation.app; sourceTree = BUILT_PRODUCTS_DIR; };
		831FCB2D2A5A5EC300AF84C0 /* reservationApp.swift */ = {isa = PBXFileReference; lastKnownFileType = sourcecode.swift; path = reservationApp.swift; sourceTree = "<group>"; };
		831FCB2F2A5A5EC300AF84C0 /* ContentView.swift */ = {isa = PBXFileReference; lastKnownFileType = sourcecode.swift; path = ContentView.swift; sourceTree = "<group>"; };
		831FCB312A5A5EC400AF84C0 /* Assets.xcassets */ = {isa = PBXFileReference; lastKnownFileType = folder.assetcatalog; path = Assets.xcassets; sourceTree = "<group>"; };
		831FCB342A5A5EC400AF84C0 /* Preview Assets.xcassets */ = {isa = PBXFileReference; lastKnownFileType = folder.assetcatalog; path = "Preview Assets.xcassets"; sourceTree = "<group>"; };
		831FCB3A2A5A5EC500AF84C0 /* reservationTests.xctest */ = {isa = PBXFileReference; explicitFileType = wrapper.cfbundle; includeInIndex = 0; path = reservationTests.xctest; sourceTree = BUILT_PRODUCTS_DIR; };
		831FCB3E2A5A5EC500AF84C0 /* reservationTests.swift */ = {isa = PBXFileReference; lastKnownFileType = sourcecode.swift; path = reservationTests.swift; sourceTree = "<group>"; };
		831FCB442A5A5EC500AF84C0 /* reservationUITests.xctest */ = {isa = PBXFileReference; explicitFileType = wrapper.cfbundle; includeInIndex = 0; path = reservationUITests.xctest; sourceTree = BUILT_PRODUCTS_DIR; };
		831FCB482A5A5EC500AF84C0 /* reservationUITests.swift */ = {isa = PBXFileReference; lastKnownFileType = sourcecode.swift; path = reservationUITests.swift; sourceTree = "<group>"; };
		831FCB4A2A5A5EC500AF84C0 /* reservationUITestsLaunchTests.swift */ = {isa = PBXFileReference; lastKnownFileType = sourcecode.swift; path = reservationUITestsLaunchTests.swift; sourceTree = "<group>"; };
		831FCB572A5A9D7600AF84C0 /* MyCustomView.swift */ = {isa = PBXFileReference; lastKnownFileType = sourcecode.swift; path = MyCustomView.swift; sourceTree = "<group>"; };
		831FCB592A5B018C00AF84C0 /* ReservationForm.swift */ = {isa = PBXFileReference; lastKnownFileType = sourcecode.swift; path = ReservationForm.swift; sourceTree = "<group>"; };
/* End PBXFileReference section */

/* Begin PBXFrameworksBuildPhase section */
		831FCB272A5A5EC300AF84C0 /* Frameworks */ = {
			isa = PBXFrameworksBuildPhase;
			buildActionMask = 2147483647;
			files = (
			);
			runOnlyForDeploymentPostprocessing = 0;
		};
		831FCB372A5A5EC500AF84C0 /* Frameworks */ = {
			isa = PBXFrameworksBuildPhase;
			buildActionMask = 2147483647;
			files = (
			);
			runOnlyForDeploymentPostprocessing = 0;
		};
		831FCB412A5A5EC500AF84C0 /* Frameworks */ = {
			isa = PBXFrameworksBuildPhase;
			buildActionMask = 2147483647;
			files = (
			);
			runOnlyForDeploymentPostprocessing = 0;
		};
/* End PBXFrameworksBuildPhase section */

/* Begin PBXGroup section */
		831FCB212A5A5EC300AF84C0 = {
			isa = PBXGroup;
			children = (
				831FCB2C2A5A5EC300AF84C0 /* reservation */,
				831FCB3D2A5A5EC500AF84C0 /* reservationTests */,
				831FCB472A5A5EC500AF84C0 /* reservationUITests */,
				831FCB2B2A5A5EC300AF84C0 /* Products */,
			);
			sourceTree = "<group>";
		};
		831FCB2B2A5A5EC300AF84C0 /* Products */ = {
			isa = PBXGroup;
			children = (
				831FCB2A2A5A5EC300AF84C0 /* reservation.app */,
				831FCB3A2A5A5EC500AF84C0 /* reservationTests.xctest */,
				831FCB442A5A5EC500AF84C0 /* reservationUITests.xctest */,
			);
			name = Products;
			sourceTree = "<group>";
		};
		831FCB2C2A5A5EC300AF84C0 /* reservation */ = {
			isa = PBXGroup;
			children = (
				831FCB2D2A5A5EC300AF84C0 /* reservationApp.swift */,
				831FCB592A5B018C00AF84C0 /* ReservationForm.swift */,
				831FCB2F2A5A5EC300AF84C0 /* ContentView.swift */,
				831FCB312A5A5EC400AF84C0 /* Assets.xcassets */,
				831FCB332A5A5EC400AF84C0 /* Preview Content */,
				831FCB572A5A9D7600AF84C0 /* MyCustomView.swift */,
			);
			path = reservation;
			sourceTree = "<group>";
		};
		831FCB332A5A5EC400AF84C0 /* Preview Content */ = {
			isa = PBXGroup;
			children = (
				831FCB342A5A5EC400AF84C0 /* Preview Assets.xcassets */,
			);
			path = "Preview Content";
			sourceTree = "<group>";
		};
		831FCB3D2A5A5EC500AF84C0 /* reservationTests */ = {
			isa = PBXGroup;
			children = (
				831FCB3E2A5A5EC500AF84C0 /* reservationTests.swift */,
			);
			path = reservationTests;
			sourceTree = "<group>";
		};
		831FCB472A5A5EC500AF84C0 /* reservationUITests */ = {
			isa = PBXGroup;
			children = (
				831FCB482A5A5EC500AF84C0 /* reservationUITests.swift */,
				831FCB4A2A5A5EC500AF84C0 /* reservationUITestsLaunchTests.swift */,
			);
			path = reservationUITests;
			sourceTree = "<group>";
		};
/* End PBXGroup section */

/* Begin PBXNativeTarget section */
		831FCB292A5A5EC300AF84C0 /* reservation */ = {
			isa = PBXNativeTarget;
			buildConfigurationList = 831FCB4E2A5A5EC500AF84C0 /* Build configuration list for PBXNativeTarget "reservation" */;
			buildPhases = (
				831FCB262A5A5EC300AF84C0 /* Sources */,
				831FCB272A5A5EC300AF84C0 /* Frameworks */,
				831FCB282A5A5EC300AF84C0 /* Resources */,
			);
			buildRules = (
			);
			dependencies = (
			);
			name = reservation;
			productName = reservation;
			productReference = 831FCB2A2A5A5EC300AF84C0 /* reservation.app */;
			productType = "com.apple.product-type.application";
		};
		831FCB392A5A5EC500AF84C0 /* reservationTests */ = {
			isa = PBXNativeTarget;
			buildConfigurationList = 831FCB512A5A5EC500AF84C0 /* Build configuration list for PBXNativeTarget "reservationTests" */;
			buildPhases = (
				831FCB362A5A5EC500AF84C0 /* Sources */,
				831FCB372A5A5EC500AF84C0 /* Frameworks */,
				831FCB382A5A5EC500AF84C0 /* Resources */,
			);
			buildRules = (
			);
			dependencies = (
				831FCB3C2A5A5EC500AF84C0 /* PBXTargetDependency */,
			);
			name = reservationTests;
			productName = reservationTests;
			productReference = 831FCB3A2A5A5EC500AF84C0 /* reservationTests.xctest */;
			productType = "com.apple.product-type.bundle.unit-test";
		};
		831FCB432A5A5EC500AF84C0 /* reservationUITests */ = {
			isa = PBXNativeTarget;
			buildConfigurationList = 831FCB542A5A5EC500AF84C0 /* Build configuration list for PBXNativeTarget "reservationUITests" */;
			buildPhases = (
				831FCB402A5A5EC500AF84C0 /* Sources */,
				831FCB412A5A5EC500AF84C0 /* Frameworks */,
				831FCB422A5A5EC500AF84C0 /* Resources */,
			);
			buildRules = (
			);
			dependencies = (
				831FCB462A5A5EC500AF84C0 /* PBXTargetDependency */,
			);
			name = reservationUITests;
			productName = reservationUITests;
			productReference = 831FCB442A5A5EC500AF84C0 /* reservationUITests.xctest */;
			productType = "com.apple.product-type.bundle.ui-testing";
		};
/* End PBXNativeTarget section */

/* Begin PBXProject section */
		831FCB222A5A5EC300AF84C0 /* Project object */ = {
			isa = PBXProject;
			attributes = {
				BuildIndependentTargetsInParallel = 1;
				LastSwiftUpdateCheck = 1420;
				LastUpgradeCheck = 1420;
				TargetAttributes = {
					831FCB292A5A5EC300AF84C0 = {
						CreatedOnToolsVersion = 14.2;
					};
					831FCB392A5A5EC500AF84C0 = {
						CreatedOnToolsVersion = 14.2;
						TestTargetID = 831FCB292A5A5EC300AF84C0;
					};
					831FCB432A5A5EC500AF84C0 = {
						CreatedOnToolsVersion = 14.2;
						TestTargetID = 831FCB292A5A5EC300AF84C0;
					};
				};
			};
			buildConfigurationList = 831FCB252A5A5EC300AF84C0 /* Build configuration list for PBXProject "reservation" */;
			compatibilityVersion = "Xcode 14.0";
			developmentRegion = en;
			hasScannedForEncodings = 0;
			knownRegions = (
				en,
				Base,
			);
			mainGroup = 831FCB212A5A5EC300AF84C0;
			productRefGroup = 831FCB2B2A5A5EC300AF84C0 /* Products */;
			projectDirPath = "";
			projectRoot = "";
			targets = (
				831FCB292A5A5EC300AF84C0 /* reservation */,
				831FCB392A5A5EC500AF84C0 /* reservationTests */,
				831FCB432A5A5EC500AF84C0 /* reservationUITests */,
			);
		};
/* End PBXProject section */

/* Begin PBXResourcesBuildPhase section */
		831FCB282A5A5EC300AF84C0 /* Resources */ = {
			isa = PBXResourcesBuildPhase;
			buildActionMask = 2147483647;
			files = (
				831FCB352A5A5EC400AF84C0 /* Preview Assets.xcassets in Resources */,
				831FCB322A5A5EC400AF84C0 /* Assets.xcassets in Resources */,
			);
			runOnlyForDeploymentPostprocessing = 0;
		};
		831FCB382A5A5EC500AF84C0 /* Resources */ = {
			isa = PBXResourcesBuildPhase;
			buildActionMask = 2147483647;
			files = (
			);
			runOnlyForDeploymentPostprocessing = 0;
		};
		831FCB422A5A5EC500AF84C0 /* Resources */ = {
			isa = PBXResourcesBuildPhase;
			buildActionMask = 2147483647;
			files = (
			);
			runOnlyForDeploymentPostprocessing = 0;
		};
/* End PBXResourcesBuildPhase section */

/* Begin PBXSourcesBuildPhase section */
		831FCB262A5A5EC300AF84C0 /* Sources */ = {
			isa = PBXSourcesBuildPhase;
			buildActionMask = 2147483647;
			files = (
				831FCB302A5A5EC300AF84C0 /* ContentView.swift in Sources */,
				831FCB582A5A9D7600AF84C0 /* MyCustomView.swift in Sources */,
				831FCB5A2A5B018C00AF84C0 /* ReservationForm.swift in Sources */,
				831FCB2E2A5A5EC300AF84C0 /* reservationApp.swift in Sources */,
			);
			runOnlyForDeploymentPostprocessing = 0;
		};
		831FCB362A5A5EC500AF84C0 /* Sources */ = {
			isa = PBXSourcesBuildPhase;
			buildActionMask = 2147483647;
			files = (
				831FCB3F2A5A5EC500AF84C0 /* reservationTests.swift in Sources */,
			);
			runOnlyForDeploymentPostprocessing = 0;
		};
		831FCB402A5A5EC500AF84C0 /* Sources */ = {
			isa = PBXSourcesBuildPhase;
			buildActionMask = 2147483647;
			files = (
				831FCB492A5A5EC500AF84C0 /* reservationUITests.swift in Sources */,
				831FCB4B2A5A5EC500AF84C0 /* reservationUITestsLaunchTests.swift in Sources */,
			);
			runOnlyForDeploymentPostprocessing = 0;
		};
/* End PBXSourcesBuildPhase section */

/* Begin PBXTargetDependency section */
		831FCB3C2A5A5EC500AF84C0 /* PBXTargetDependency */ = {
			isa = PBXTargetDependency;
			target = 831FCB292A5A5EC300AF84C0 /* reservation */;
			targetProxy = 831FCB3B2A5A5EC500AF84C0 /* PBXContainerItemProxy */;
		};
		831FCB462A5A5EC500AF84C0 /* PBXTargetDependency */ = {
			isa = PBXTargetDependency;
			target = 831FCB292A5A5EC300AF84C0 /* reservation */;
			targetProxy = 831FCB452A5A5EC500AF84C0 /* PBXContainerItemProxy */;
		};
/* End PBXTargetDependency section */

/* Begin XCBuildConfiguration section */
		831FCB4C2A5A5EC500AF84C0 /* Debug */ = {
			isa = XCBuildConfiguration;
			buildSettings = {
				ALWAYS_SEARCH_USER_PATHS = NO;
				CLANG_ANALYZER_NONNULL = YES;
				CLANG_ANALYZER_NUMBER_OBJECT_CONVERSION = YES_AGGRESSIVE;
				CLANG_CXX_LANGUAGE_STANDARD = "gnu++20";
				CLANG_ENABLE_MODULES = YES;
				CLANG_ENABLE_OBJC_ARC = YES;
				CLANG_ENABLE_OBJC_WEAK = YES;
				CLANG_WARN_BLOCK_CAPTURE_AUTORELEASING = YES;
				CLANG_WARN_BOOL_CONVERSION = YES;
				CLANG_WARN_COMMA = YES;
				CLANG_WARN_CONSTANT_CONVERSION = YES;
				CLANG_WARN_DEPRECATED_OBJC_IMPLEMENTATIONS = YES;
				CLANG_WARN_DIRECT_OBJC_ISA_USAGE = YES_ERROR;
				CLANG_WARN_DOCUMENTATION_COMMENTS = YES;
				CLANG_WARN_EMPTY_BODY = YES;
				CLANG_WARN_ENUM_CONVERSION = YES;
				CLANG_WARN_INFINITE_RECURSION = YES;
				CLANG_WARN_INT_CONVERSION = YES;
				CLANG_WARN_NON_LITERAL_NULL_CONVERSION = YES;
				CLANG_WARN_OBJC_IMPLICIT_RETAIN_SELF = YES;
				CLANG_WARN_OBJC_LITERAL_CONVERSION = YES;
				CLANG_WARN_OBJC_ROOT_CLASS = YES_ERROR;
				CLANG_WARN_QUOTED_INCLUDE_IN_FRAMEWORK_HEADER = YES;
				CLANG_WARN_RANGE_LOOP_ANALYSIS = YES;
				CLANG_WARN_STRICT_PROTOTYPES = YES;
				CLANG_WARN_SUSPICIOUS_MOVE = YES;
				CLANG_WARN_UNGUARDED_AVAILABILITY = YES_AGGRESSIVE;
				CLANG_WARN_UNREACHABLE_CODE = YES;
				CLANG_WARN__DUPLICATE_METHOD_MATCH = YES;
				COPY_PHASE_STRIP = NO;
				DEBUG_INFORMATION_FORMAT = dwarf;
				ENABLE_STRICT_OBJC_MSGSEND = YES;
				ENABLE_TESTABILITY = YES;
				GCC_C_LANGUAGE_STANDARD = gnu11;
				GCC_DYNAMIC_NO_PIC = NO;
				GCC_NO_COMMON_BLOCKS = YES;
				GCC_OPTIMIZATION_LEVEL = 0;
				GCC_PREPROCESSOR_DEFINITIONS = (
					"DEBUG=1",
					"$(inherited)",
				);
				GCC_WARN_64_TO_32_BIT_CONVERSION = YES;
				GCC_WARN_ABOUT_RETURN_TYPE = YES_ERROR;
				GCC_WARN_UNDECLARED_SELECTOR = YES;
				GCC_WARN_UNINITIALIZED_AUTOS = YES_AGGRESSIVE;
				GCC_WARN_UNUSED_FUNCTION = YES;
				GCC_WARN_UNUSED_VARIABLE = YES;
				IPHONEOS_DEPLOYMENT_TARGET = 16.2;
				MTL_ENABLE_DEBUG_INFO = INCLUDE_SOURCE;
				MTL_FAST_MATH = YES;
				ONLY_ACTIVE_ARCH = YES;
				SDKROOT = iphoneos;
				SWIFT_ACTIVE_COMPILATION_CONDITIONS = DEBUG;
				SWIFT_OPTIMIZATION_LEVEL = "-Onone";
			};
			name = Debug;
		};
		831FCB4D2A5A5EC500AF84C0 /* Release */ = {
			isa = XCBuildConfiguration;
			buildSettings = {
				ALWAYS_SEARCH_USER_PATHS = NO;
				CLANG_ANALYZER_NONNULL = YES;
				CLANG_ANALYZER_NUMBER_OBJECT_CONVERSION = YES_AGGRESSIVE;
				CLANG_CXX_LANGUAGE_STANDARD = "gnu++20";
				CLANG_ENABLE_MODULES = YES;
				CLANG_ENABLE_OBJC_ARC = YES;
				CLANG_ENABLE_OBJC_WEAK = YES;
				CLANG_WARN_BLOCK_CAPTURE_AUTORELEASING = YES;
				CLANG_WARN_BOOL_CONVERSION = YES;
				CLANG_WARN_COMMA = YES;
				CLANG_WARN_CONSTANT_CONVERSION = YES;
				CLANG_WARN_DEPRECATED_OBJC_IMPLEMENTATIONS = YES;
				CLANG_WARN_DIRECT_OBJC_ISA_USAGE = YES_ERROR;
				CLANG_WARN_DOCUMENTATION_COMMENTS = YES;
				CLANG_WARN_EMPTY_BODY = YES;
				CLANG_WARN_ENUM_CONVERSION = YES;
				CLANG_WARN_INFINITE_RECURSION = YES;
				CLANG_WARN_INT_CONVERSION = YES;
				CLANG_WARN_NON_LITERAL_NULL_CONVERSION = YES;
				CLANG_WARN_OBJC_IMPLICIT_RETAIN_SELF = YES;
				CLANG_WARN_OBJC_LITERAL_CONVERSION = YES;
				CLANG_WARN_OBJC_ROOT_CLASS = YES_ERROR;
				CLANG_WARN_QUOTED_INCLUDE_IN_FRAMEWORK_HEADER = YES;
				CLANG_WARN_RANGE_LOOP_ANALYSIS = YES;
				CLANG_WARN_STRICT_PROTOTYPES = YES;
				CLANG_WARN_SUSPICIOUS_MOVE = YES;
				CLANG_WARN_UNGUARDED_AVAILABILITY = YES_AGGRESSIVE;
				CLANG_WARN_UNREACHABLE_CODE = YES;
				CLANG_WARN__DUPLICATE_METHOD_MATCH = YES;
				COPY_PHASE_STRIP = NO;
				DEBUG_INFORMATION_FORMAT = "dwarf-with-dsym";
				ENABLE_NS_ASSERTIONS = NO;
				ENABLE_STRICT_OBJC_MSGSEND = YES;
				GCC_C_LANGUAGE_STANDARD = gnu11;
				GCC_NO_COMMON_BLOCKS = YES;
				GCC_WARN_64_TO_32_BIT_CONVERSION = YES;
				GCC_WARN_ABOUT_RETURN_TYPE = YES_ERROR;
				GCC_WARN_UNDECLARED_SELECTOR = YES;
				GCC_WARN_UNINITIALIZED_AUTOS = YES_AGGRESSIVE;
				GCC_WARN_UNUSED_FUNCTION = YES;
				GCC_WARN_UNUSED_VARIABLE = YES;
				IPHONEOS_DEPLOYMENT_TARGET = 16.2;
				MTL_ENABLE_DEBUG_INFO = NO;
				MTL_FAST_MATH = YES;
				SDKROOT = iphoneos;
				SWIFT_COMPILATION_MODE = wholemodule;
				SWIFT_OPTIMIZATION_LEVEL = "-O";
				VALIDATE_PRODUCT = YES;
			};
			name = Release;
		};
		831FCB4F2A5A5EC500AF84C0 /* Debug */ = {
			isa = XCBuildConfiguration;
			buildSettings = {
				ASSETCATALOG_COMPILER_APPICON_NAME = AppIcon;
				ASSETCATALOG_COMPILER_GLOBAL_ACCENT_COLOR_NAME = AccentColor;
				CODE_SIGN_STYLE = Automatic;
				CURRENT_PROJECT_VERSION = 1;
				DEVELOPMENT_ASSET_PATHS = "\"reservation/Preview Content\"";
				ENABLE_PREVIEWS = YES;
				GENERATE_INFOPLIST_FILE = YES;
				INFOPLIST_KEY_UIApplicationSceneManifest_Generation = YES;
				INFOPLIST_KEY_UIApplicationSupportsIndirectInputEvents = YES;
				INFOPLIST_KEY_UILaunchScreen_Generation = YES;
				INFOPLIST_KEY_UISupportedInterfaceOrientations_iPad = "UIInterfaceOrientationPortrait UIInterfaceOrientationPortraitUpsideDown UIInterfaceOrientationLandscapeLeft UIInterfaceOrientationLandscapeRight";
				INFOPLIST_KEY_UISupportedInterfaceOrientations_iPhone = "UIInterfaceOrientationPortrait UIInterfaceOrientationLandscapeLeft UIInterfaceOrientationLandscapeRight";
				LD_RUNPATH_SEARCH_PATHS = (
					"$(inherited)",
					"@executable_path/Frameworks",
				);
				MARKETING_VERSION = 1.0;
				PRODUCT_BUNDLE_IDENTIFIER = kedkteam.reservation;
				PRODUCT_NAME = "$(TARGET_NAME)";
				SWIFT_EMIT_LOC_STRINGS = YES;
				SWIFT_VERSION = 5.0;
				TARGETED_DEVICE_FAMILY = "1,2";
			};
			name = Debug;
		};
		831FCB502A5A5EC500AF84C0 /* Release */ = {
			isa = XCBuildConfiguration;
			buildSettings = {
				ASSETCATALOG_COMPILER_APPICON_NAME = AppIcon;
				ASSETCATALOG_COMPILER_GLOBAL_ACCENT_COLOR_NAME = AccentColor;
				CODE_SIGN_STYLE = Automatic;
				CURRENT_PROJECT_VERSION = 1;
				DEVELOPMENT_ASSET_PATHS = "\"reservation/Preview Content\"";
				ENABLE_PREVIEWS = YES;
				GENERATE_INFOPLIST_FILE = YES;
				INFOPLIST_KEY_UIApplicationSceneManifest_Generation = YES;
				INFOPLIST_KEY_UIApplicationSupportsIndirectInputEvents = YES;
				INFOPLIST_KEY_UILaunchScreen_Generation = YES;
				INFOPLIST_KEY_UISupportedInterfaceOrientations_iPad = "UIInterfaceOrientationPortrait UIInterfaceOrientationPortraitUpsideDown UIInterfaceOrientationLandscapeLeft UIInterfaceOrientationLandscapeRight";
				INFOPLIST_KEY_UISupportedInterfaceOrientations_iPhone = "UIInterfaceOrientationPortrait UIInterfaceOrientationLandscapeLeft UIInterfaceOrientationLandscapeRight";
				LD_RUNPATH_SEARCH_PATHS = (
					"$(inherited)",
					"@executable_path/Frameworks",
				);
				MARKETING_VERSION = 1.0;
				PRODUCT_BUNDLE_IDENTIFIER = kedkteam.reservation;
				PRODUCT_NAME = "$(TARGET_NAME)";
				SWIFT_EMIT_LOC_STRINGS = YES;
				SWIFT_VERSION = 5.0;
				TARGETED_DEVICE_FAMILY = "1,2";
			};
			name = Release;
		};
		831FCB522A5A5EC500AF84C0 /* Debug */ = {
			isa = XCBuildConfiguration;
			buildSettings = {
				ALWAYS_EMBED_SWIFT_STANDARD_LIBRARIES = YES;
				BUNDLE_LOADER = "$(TEST_HOST)";
				CODE_SIGN_STYLE = Automatic;
				CURRENT_PROJECT_VERSION = 1;
				GENERATE_INFOPLIST_FILE = YES;
				IPHONEOS_DEPLOYMENT_TARGET = 16.2;
				MARKETING_VERSION = 1.0;
				PRODUCT_BUNDLE_IDENTIFIER = kedkteam.reservationTests;
				PRODUCT_NAME = "$(TARGET_NAME)";
				SWIFT_EMIT_LOC_STRINGS = NO;
				SWIFT_VERSION = 5.0;
				TARGETED_DEVICE_FAMILY = "1,2";
				TEST_HOST = "$(BUILT_PRODUCTS_DIR)/reservation.app/$(BUNDLE_EXECUTABLE_FOLDER_PATH)/reservation";
			};
			name = Debug;
		};
		831FCB532A5A5EC500AF84C0 /* Release */ = {
			isa = XCBuildConfiguration;
			buildSettings = {
				ALWAYS_EMBED_SWIFT_STANDARD_LIBRARIES = YES;
				BUNDLE_LOADER = "$(TEST_HOST)";
				CODE_SIGN_STYLE = Automatic;
				CURRENT_PROJECT_VERSION = 1;
				GENERATE_INFOPLIST_FILE = YES;
				IPHONEOS_DEPLOYMENT_TARGET = 16.2;
				MARKETING_VERSION = 1.0;
				PRODUCT_BUNDLE_IDENTIFIER = kedkteam.reservationTests;
				PRODUCT_NAME = "$(TARGET_NAME)";
				SWIFT_EMIT_LOC_STRINGS = NO;
				SWIFT_VERSION = 5.0;
				TARGETED_DEVICE_FAMILY = "1,2";
				TEST_HOST = "$(BUILT_PRODUCTS_DIR)/reservation.app/$(BUNDLE_EXECUTABLE_FOLDER_PATH)/reservation";
			};
			name = Release;
		};
		831FCB552A5A5EC500AF84C0 /* Debug */ = {
			isa = XCBuildConfiguration;
			buildSettings = {
				ALWAYS_EMBED_SWIFT_STANDARD_LIBRARIES = YES;
				CODE_SIGN_STYLE = Automatic;
				CURRENT_PROJECT_VERSION = 1;
				GENERATE_INFOPLIST_FILE = YES;
				MARKETING_VERSION = 1.0;
				PRODUCT_BUNDLE_IDENTIFIER = kedkteam.reservationUITests;
				PRODUCT_NAME = "$(TARGET_NAME)";
				SWIFT_EMIT_LOC_STRINGS = NO;
				SWIFT_VERSION = 5.0;
				TARGETED_DEVICE_FAMILY = "1,2";
				TEST_TARGET_NAME = reservation;
			};
			name = Debug;
		};
		831FCB562A5A5EC500AF84C0 /* Release */ = {
			isa = XCBuildConfiguration;
			buildSettings = {
				ALWAYS_EMBED_SWIFT_STANDARD_LIBRARIES = YES;
				CODE_SIGN_STYLE = Automatic;
				CURRENT_PROJECT_VERSION = 1;
				GENERATE_INFOPLIST_FILE = YES;
				MARKETING_VERSION = 1.0;
				PRODUCT_BUNDLE_IDENTIFIER = kedkteam.reservationUITests;
				PRODUCT_NAME = "$(TARGET_NAME)";
				SWIFT_EMIT_LOC_STRINGS = NO;
				SWIFT_VERSION = 5.0;
				TARGETED_DEVICE_FAMILY = "1,2";
				TEST_TARGET_NAME = reservation;
			};
			name = Release;
		};
/* End XCBuildConfiguration section */

/* Begin XCConfigurationList section */
		831FCB252A5A5EC300AF84C0 /* Build configuration list for PBXProject "reservation" */ = {
			isa = XCConfigurationList;
			buildConfigurations = (
				831FCB4C2A5A5EC500AF84C0 /* Debug */,
				831FCB4D2A5A5EC500AF84C0 /* Release */,
			);
			defaultConfigurationIsVisible = 0;
			defaultConfigurationName = Release;
		};
		831FCB4E2A5A5EC500AF84C0 /* Build configuration list for PBXNativeTarget "reservation" */ = {
			isa = XCConfigurationList;
			buildConfigurations = (
				831FCB4F2A5A5EC500AF84C0 /* Debug */,
				831FCB502A5A5EC500AF84C0 /* Release */,
			);
			defaultConfigurationIsVisible = 0;
			defaultConfigurationName = Release;
		};
		831FCB512A5A5EC500AF84C0 /* Build configuration list for PBXNativeTarget "reservationTests" */ = {
			isa = XCConfigurationList;
			buildConfigurations = (
				831FCB522A5A5EC500AF84C0 /* Debug */,
				831FCB532A5A5EC500AF84C0 /* Release */,
			);
			defaultConfigurationIsVisible = 0;
			defaultConfigurationName = Release;
		};
		831FCB542A5A5EC500AF84C0 /* Build configuration list for PBXNativeTarget "reservationUITests" */ = {
			isa = XCConfigurationList;
			buildConfigurations = (
				831FCB552A5A5EC500AF84C0 /* Debug */,
				831FCB562A5A5EC500AF84C0 /* Release */,
			);
			defaultConfigurationIsVisible = 0;
			defaultConfigurationName = Release;
		};
/* End XCConfigurationList section */
	};
	rootObject = 831FCB222A5A5EC300AF84C0 /* Project object */;
}
