// !$*UTF8*$!
{
	archiveVersion = 1;
	classes = {
	};
	objectVersion = 56;
	objects = {

/* Begin PBXBuildFile section */
		8365C7E72A762658006C635D /* testingExerciseApp.swift in Sources */ = {isa = PBXBuildFile; fileRef = 8365C7E62A762658006C635D /* testingExerciseApp.swift */; };
		8365C7E92A762658006C635D /* ContentView.swift in Sources */ = {isa = PBXBuildFile; fileRef = 8365C7E82A762658006C635D /* ContentView.swift */; };
		8365C7EB2A76265A006C635D /* Assets.xcassets in Resources */ = {isa = PBXBuildFile; fileRef = 8365C7EA2A76265A006C635D /* Assets.xcassets */; };
		8365C7EE2A76265A006C635D /* Preview Assets.xcassets in Resources */ = {isa = PBXBuildFile; fileRef = 8365C7ED2A76265A006C635D /* Preview Assets.xcassets */; };
		8365C7F82A76265A006C635D /* testingExerciseTests.swift in Sources */ = {isa = PBXBuildFile; fileRef = 8365C7F72A76265A006C635D /* testingExerciseTests.swift */; };
		8365C8022A76265A006C635D /* testingExerciseUITests.swift in Sources */ = {isa = PBXBuildFile; fileRef = 8365C8012A76265A006C635D /* testingExerciseUITests.swift */; };
		8365C8042A76265A006C635D /* testingExerciseUITestsLaunchTests.swift in Sources */ = {isa = PBXBuildFile; fileRef = 8365C8032A76265A006C635D /* testingExerciseUITestsLaunchTests.swift */; };
		8365C8112A762686006C635D /* Checkout.swift in Sources */ = {isa = PBXBuildFile; fileRef = 8365C8102A762685006C635D /* Checkout.swift */; };
/* End PBXBuildFile section */

/* Begin PBXContainerItemProxy section */
		8365C7F42A76265A006C635D /* PBXContainerItemProxy */ = {
			isa = PBXContainerItemProxy;
			containerPortal = 8365C7DB2A762657006C635D /* Project object */;
			proxyType = 1;
			remoteGlobalIDString = 8365C7E22A762658006C635D;
			remoteInfo = testingExercise;
		};
		8365C7FE2A76265A006C635D /* PBXContainerItemProxy */ = {
			isa = PBXContainerItemProxy;
			containerPortal = 8365C7DB2A762657006C635D /* Project object */;
			proxyType = 1;
			remoteGlobalIDString = 8365C7E22A762658006C635D;
			remoteInfo = testingExercise;
		};
/* End PBXContainerItemProxy section */

/* Begin PBXFileReference section */
		8365C7E32A762658006C635D /* testingExercise.app */ = {isa = PBXFileReference; explicitFileType = wrapper.application; includeInIndex = 0; path = testingExercise.app; sourceTree = BUILT_PRODUCTS_DIR; };
		8365C7E62A762658006C635D /* testingExerciseApp.swift */ = {isa = PBXFileReference; lastKnownFileType = sourcecode.swift; path = testingExerciseApp.swift; sourceTree = "<group>"; };
		8365C7E82A762658006C635D /* ContentView.swift */ = {isa = PBXFileReference; lastKnownFileType = sourcecode.swift; path = ContentView.swift; sourceTree = "<group>"; };
		8365C7EA2A76265A006C635D /* Assets.xcassets */ = {isa = PBXFileReference; lastKnownFileType = folder.assetcatalog; path = Assets.xcassets; sourceTree = "<group>"; };
		8365C7ED2A76265A006C635D /* Preview Assets.xcassets */ = {isa = PBXFileReference; lastKnownFileType = folder.assetcatalog; path = "Preview Assets.xcassets"; sourceTree = "<group>"; };
		8365C7F32A76265A006C635D /* testingExerciseTests.xctest */ = {isa = PBXFileReference; explicitFileType = wrapper.cfbundle; includeInIndex = 0; path = testingExerciseTests.xctest; sourceTree = BUILT_PRODUCTS_DIR; };
		8365C7F72A76265A006C635D /* testingExerciseTests.swift */ = {isa = PBXFileReference; lastKnownFileType = sourcecode.swift; path = testingExerciseTests.swift; sourceTree = "<group>"; };
		8365C7FD2A76265A006C635D /* testingExerciseUITests.xctest */ = {isa = PBXFileReference; explicitFileType = wrapper.cfbundle; includeInIndex = 0; path = testingExerciseUITests.xctest; sourceTree = BUILT_PRODUCTS_DIR; };
		8365C8012A76265A006C635D /* testingExerciseUITests.swift */ = {isa = PBXFileReference; lastKnownFileType = sourcecode.swift; path = testingExerciseUITests.swift; sourceTree = "<group>"; };
		8365C8032A76265A006C635D /* testingExerciseUITestsLaunchTests.swift */ = {isa = PBXFileReference; lastKnownFileType = sourcecode.swift; path = testingExerciseUITestsLaunchTests.swift; sourceTree = "<group>"; };
		8365C8102A762685006C635D /* Checkout.swift */ = {isa = PBXFileReference; lastKnownFileType = sourcecode.swift; path = Checkout.swift; sourceTree = "<group>"; };
/* End PBXFileReference section */

/* Begin PBXFrameworksBuildPhase section */
		8365C7E02A762658006C635D /* Frameworks */ = {
			isa = PBXFrameworksBuildPhase;
			buildActionMask = 2147483647;
			files = (
			);
			runOnlyForDeploymentPostprocessing = 0;
		};
		8365C7F02A76265A006C635D /* Frameworks */ = {
			isa = PBXFrameworksBuildPhase;
			buildActionMask = 2147483647;
			files = (
			);
			runOnlyForDeploymentPostprocessing = 0;
		};
		8365C7FA2A76265A006C635D /* Frameworks */ = {
			isa = PBXFrameworksBuildPhase;
			buildActionMask = 2147483647;
			files = (
			);
			runOnlyForDeploymentPostprocessing = 0;
		};
/* End PBXFrameworksBuildPhase section */

/* Begin PBXGroup section */
		8365C7DA2A762657006C635D = {
			isa = PBXGroup;
			children = (
				8365C8102A762685006C635D /* Checkout.swift */,
				8365C7E52A762658006C635D /* testingExercise */,
				8365C7F62A76265A006C635D /* testingExerciseTests */,
				8365C8002A76265A006C635D /* testingExerciseUITests */,
				8365C7E42A762658006C635D /* Products */,
			);
			sourceTree = "<group>";
		};
		8365C7E42A762658006C635D /* Products */ = {
			isa = PBXGroup;
			children = (
				8365C7E32A762658006C635D /* testingExercise.app */,
				8365C7F32A76265A006C635D /* testingExerciseTests.xctest */,
				8365C7FD2A76265A006C635D /* testingExerciseUITests.xctest */,
			);
			name = Products;
			sourceTree = "<group>";
		};
		8365C7E52A762658006C635D /* testingExercise */ = {
			isa = PBXGroup;
			children = (
				8365C7E62A762658006C635D /* testingExerciseApp.swift */,
				8365C7E82A762658006C635D /* ContentView.swift */,
				8365C7EA2A76265A006C635D /* Assets.xcassets */,
				8365C7EC2A76265A006C635D /* Preview Content */,
			);
			path = testingExercise;
			sourceTree = "<group>";
		};
		8365C7EC2A76265A006C635D /* Preview Content */ = {
			isa = PBXGroup;
			children = (
				8365C7ED2A76265A006C635D /* Preview Assets.xcassets */,
			);
			path = "Preview Content";
			sourceTree = "<group>";
		};
		8365C7F62A76265A006C635D /* testingExerciseTests */ = {
			isa = PBXGroup;
			children = (
				8365C7F72A76265A006C635D /* testingExerciseTests.swift */,
			);
			path = testingExerciseTests;
			sourceTree = "<group>";
		};
		8365C8002A76265A006C635D /* testingExerciseUITests */ = {
			isa = PBXGroup;
			children = (
				8365C8012A76265A006C635D /* testingExerciseUITests.swift */,
				8365C8032A76265A006C635D /* testingExerciseUITestsLaunchTests.swift */,
			);
			path = testingExerciseUITests;
			sourceTree = "<group>";
		};
/* End PBXGroup section */

/* Begin PBXNativeTarget section */
		8365C7E22A762658006C635D /* testingExercise */ = {
			isa = PBXNativeTarget;
			buildConfigurationList = 8365C8072A76265A006C635D /* Build configuration list for PBXNativeTarget "testingExercise" */;
			buildPhases = (
				8365C7DF2A762658006C635D /* Sources */,
				8365C7E02A762658006C635D /* Frameworks */,
				8365C7E12A762658006C635D /* Resources */,
			);
			buildRules = (
			);
			dependencies = (
			);
			name = testingExercise;
			productName = testingExercise;
			productReference = 8365C7E32A762658006C635D /* testingExercise.app */;
			productType = "com.apple.product-type.application";
		};
		8365C7F22A76265A006C635D /* testingExerciseTests */ = {
			isa = PBXNativeTarget;
			buildConfigurationList = 8365C80A2A76265A006C635D /* Build configuration list for PBXNativeTarget "testingExerciseTests" */;
			buildPhases = (
				8365C7EF2A76265A006C635D /* Sources */,
				8365C7F02A76265A006C635D /* Frameworks */,
				8365C7F12A76265A006C635D /* Resources */,
			);
			buildRules = (
			);
			dependencies = (
				8365C7F52A76265A006C635D /* PBXTargetDependency */,
			);
			name = testingExerciseTests;
			productName = testingExerciseTests;
			productReference = 8365C7F32A76265A006C635D /* testingExerciseTests.xctest */;
			productType = "com.apple.product-type.bundle.unit-test";
		};
		8365C7FC2A76265A006C635D /* testingExerciseUITests */ = {
			isa = PBXNativeTarget;
			buildConfigurationList = 8365C80D2A76265A006C635D /* Build configuration list for PBXNativeTarget "testingExerciseUITests" */;
			buildPhases = (
				8365C7F92A76265A006C635D /* Sources */,
				8365C7FA2A76265A006C635D /* Frameworks */,
				8365C7FB2A76265A006C635D /* Resources */,
			);
			buildRules = (
			);
			dependencies = (
				8365C7FF2A76265A006C635D /* PBXTargetDependency */,
			);
			name = testingExerciseUITests;
			productName = testingExerciseUITests;
			productReference = 8365C7FD2A76265A006C635D /* testingExerciseUITests.xctest */;
			productType = "com.apple.product-type.bundle.ui-testing";
		};
/* End PBXNativeTarget section */

/* Begin PBXProject section */
		8365C7DB2A762657006C635D /* Project object */ = {
			isa = PBXProject;
			attributes = {
				BuildIndependentTargetsInParallel = 1;
				LastSwiftUpdateCheck = 1430;
				LastUpgradeCheck = 1430;
				TargetAttributes = {
					8365C7E22A762658006C635D = {
						CreatedOnToolsVersion = 14.3.1;
					};
					8365C7F22A76265A006C635D = {
						CreatedOnToolsVersion = 14.3.1;
						TestTargetID = 8365C7E22A762658006C635D;
					};
					8365C7FC2A76265A006C635D = {
						CreatedOnToolsVersion = 14.3.1;
						TestTargetID = 8365C7E22A762658006C635D;
					};
				};
			};
			buildConfigurationList = 8365C7DE2A762657006C635D /* Build configuration list for PBXProject "testingExercise" */;
			compatibilityVersion = "Xcode 14.0";
			developmentRegion = en;
			hasScannedForEncodings = 0;
			knownRegions = (
				en,
				Base,
			);
			mainGroup = 8365C7DA2A762657006C635D;
			productRefGroup = 8365C7E42A762658006C635D /* Products */;
			projectDirPath = "";
			projectRoot = "";
			targets = (
				8365C7E22A762658006C635D /* testingExercise */,
				8365C7F22A76265A006C635D /* testingExerciseTests */,
				8365C7FC2A76265A006C635D /* testingExerciseUITests */,
			);
		};
/* End PBXProject section */

/* Begin PBXResourcesBuildPhase section */
		8365C7E12A762658006C635D /* Resources */ = {
			isa = PBXResourcesBuildPhase;
			buildActionMask = 2147483647;
			files = (
				8365C7EE2A76265A006C635D /* Preview Assets.xcassets in Resources */,
				8365C7EB2A76265A006C635D /* Assets.xcassets in Resources */,
			);
			runOnlyForDeploymentPostprocessing = 0;
		};
		8365C7F12A76265A006C635D /* Resources */ = {
			isa = PBXResourcesBuildPhase;
			buildActionMask = 2147483647;
			files = (
			);
			runOnlyForDeploymentPostprocessing = 0;
		};
		8365C7FB2A76265A006C635D /* Resources */ = {
			isa = PBXResourcesBuildPhase;
			buildActionMask = 2147483647;
			files = (
			);
			runOnlyForDeploymentPostprocessing = 0;
		};
/* End PBXResourcesBuildPhase section */

/* Begin PBXSourcesBuildPhase section */
		8365C7DF2A762658006C635D /* Sources */ = {
			isa = PBXSourcesBuildPhase;
			buildActionMask = 2147483647;
			files = (
				8365C8112A762686006C635D /* Checkout.swift in Sources */,
				8365C7E92A762658006C635D /* ContentView.swift in Sources */,
				8365C7E72A762658006C635D /* testingExerciseApp.swift in Sources */,
			);
			runOnlyForDeploymentPostprocessing = 0;
		};
		8365C7EF2A76265A006C635D /* Sources */ = {
			isa = PBXSourcesBuildPhase;
			buildActionMask = 2147483647;
			files = (
				8365C7F82A76265A006C635D /* testingExerciseTests.swift in Sources */,
			);
			runOnlyForDeploymentPostprocessing = 0;
		};
		8365C7F92A76265A006C635D /* Sources */ = {
			isa = PBXSourcesBuildPhase;
			buildActionMask = 2147483647;
			files = (
				8365C8022A76265A006C635D /* testingExerciseUITests.swift in Sources */,
				8365C8042A76265A006C635D /* testingExerciseUITestsLaunchTests.swift in Sources */,
			);
			runOnlyForDeploymentPostprocessing = 0;
		};
/* End PBXSourcesBuildPhase section */

/* Begin PBXTargetDependency section */
		8365C7F52A76265A006C635D /* PBXTargetDependency */ = {
			isa = PBXTargetDependency;
			target = 8365C7E22A762658006C635D /* testingExercise */;
			targetProxy = 8365C7F42A76265A006C635D /* PBXContainerItemProxy */;
		};
		8365C7FF2A76265A006C635D /* PBXTargetDependency */ = {
			isa = PBXTargetDependency;
			target = 8365C7E22A762658006C635D /* testingExercise */;
			targetProxy = 8365C7FE2A76265A006C635D /* PBXContainerItemProxy */;
		};
/* End PBXTargetDependency section */

/* Begin XCBuildConfiguration section */
		8365C8052A76265A006C635D /* Debug */ = {
			isa = XCBuildConfiguration;
			buildSettings = {
				ALWAYS_SEARCH_USER_PATHS = NO;
				CLANG_ANALYZER_NONNULL = YES;
				CLANG_ANALYZER_NUMBER_OBJECT_CONVERSION = YES_AGGRESSIVE;
				CLANG_CXX_LANGUAGE_STANDARD = "gnu++20";
				CLANG_ENABLE_MODULES = YES;
				CLANG_ENABLE_OBJC_ARC = YES;
				CLANG_ENABLE_OBJC_WEAK = YES;
				CLANG_WARN_BLOCK_CAPTURE_AUTORELEASING = YES;
				CLANG_WARN_BOOL_CONVERSION = YES;
				CLANG_WARN_COMMA = YES;
				CLANG_WARN_CONSTANT_CONVERSION = YES;
				CLANG_WARN_DEPRECATED_OBJC_IMPLEMENTATIONS = YES;
				CLANG_WARN_DIRECT_OBJC_ISA_USAGE = YES_ERROR;
				CLANG_WARN_DOCUMENTATION_COMMENTS = YES;
				CLANG_WARN_EMPTY_BODY = YES;
				CLANG_WARN_ENUM_CONVERSION = YES;
				CLANG_WARN_INFINITE_RECURSION = YES;
				CLANG_WARN_INT_CONVERSION = YES;
				CLANG_WARN_NON_LITERAL_NULL_CONVERSION = YES;
				CLANG_WARN_OBJC_IMPLICIT_RETAIN_SELF = YES;
				CLANG_WARN_OBJC_LITERAL_CONVERSION = YES;
				CLANG_WARN_OBJC_ROOT_CLASS = YES_ERROR;
				CLANG_WARN_QUOTED_INCLUDE_IN_FRAMEWORK_HEADER = YES;
				CLANG_WARN_RANGE_LOOP_ANALYSIS = YES;
				CLANG_WARN_STRICT_PROTOTYPES = YES;
				CLANG_WARN_SUSPICIOUS_MOVE = YES;
				CLANG_WARN_UNGUARDED_AVAILABILITY = YES_AGGRESSIVE;
				CLANG_WARN_UNREACHABLE_CODE = YES;
				CLANG_WARN__DUPLICATE_METHOD_MATCH = YES;
				COPY_PHASE_STRIP = NO;
				DEBUG_INFORMATION_FORMAT = dwarf;
				ENABLE_STRICT_OBJC_MSGSEND = YES;
				ENABLE_TESTABILITY = YES;
				GCC_C_LANGUAGE_STANDARD = gnu11;
				GCC_DYNAMIC_NO_PIC = NO;
				GCC_NO_COMMON_BLOCKS = YES;
				GCC_OPTIMIZATION_LEVEL = 0;
				GCC_PREPROCESSOR_DEFINITIONS = (
					"DEBUG=1",
					"$(inherited)",
				);
				GCC_WARN_64_TO_32_BIT_CONVERSION = YES;
				GCC_WARN_ABOUT_RETURN_TYPE = YES_ERROR;
				GCC_WARN_UNDECLARED_SELECTOR = YES;
				GCC_WARN_UNINITIALIZED_AUTOS = YES_AGGRESSIVE;
				GCC_WARN_UNUSED_FUNCTION = YES;
				GCC_WARN_UNUSED_VARIABLE = YES;
				IPHONEOS_DEPLOYMENT_TARGET = 16.4;
				MTL_ENABLE_DEBUG_INFO = INCLUDE_SOURCE;
				MTL_FAST_MATH = YES;
				ONLY_ACTIVE_ARCH = YES;
				SDKROOT = iphoneos;
				SWIFT_ACTIVE_COMPILATION_CONDITIONS = DEBUG;
				SWIFT_OPTIMIZATION_LEVEL = "-Onone";
			};
			name = Debug;
		};
		8365C8062A76265A006C635D /* Release */ = {
			isa = XCBuildConfiguration;
			buildSettings = {
				ALWAYS_SEARCH_USER_PATHS = NO;
				CLANG_ANALYZER_NONNULL = YES;
				CLANG_ANALYZER_NUMBER_OBJECT_CONVERSION = YES_AGGRESSIVE;
				CLANG_CXX_LANGUAGE_STANDARD = "gnu++20";
				CLANG_ENABLE_MODULES = YES;
				CLANG_ENABLE_OBJC_ARC = YES;
				CLANG_ENABLE_OBJC_WEAK = YES;
				CLANG_WARN_BLOCK_CAPTURE_AUTORELEASING = YES;
				CLANG_WARN_BOOL_CONVERSION = YES;
				CLANG_WARN_COMMA = YES;
				CLANG_WARN_CONSTANT_CONVERSION = YES;
				CLANG_WARN_DEPRECATED_OBJC_IMPLEMENTATIONS = YES;
				CLANG_WARN_DIRECT_OBJC_ISA_USAGE = YES_ERROR;
				CLANG_WARN_DOCUMENTATION_COMMENTS = YES;
				CLANG_WARN_EMPTY_BODY = YES;
				CLANG_WARN_ENUM_CONVERSION = YES;
				CLANG_WARN_INFINITE_RECURSION = YES;
				CLANG_WARN_INT_CONVERSION = YES;
				CLANG_WARN_NON_LITERAL_NULL_CONVERSION = YES;
				CLANG_WARN_OBJC_IMPLICIT_RETAIN_SELF = YES;
				CLANG_WARN_OBJC_LITERAL_CONVERSION = YES;
				CLANG_WARN_OBJC_ROOT_CLASS = YES_ERROR;
				CLANG_WARN_QUOTED_INCLUDE_IN_FRAMEWORK_HEADER = YES;
				CLANG_WARN_RANGE_LOOP_ANALYSIS = YES;
				CLANG_WARN_STRICT_PROTOTYPES = YES;
				CLANG_WARN_SUSPICIOUS_MOVE = YES;
				CLANG_WARN_UNGUARDED_AVAILABILITY = YES_AGGRESSIVE;
				CLANG_WARN_UNREACHABLE_CODE = YES;
				CLANG_WARN__DUPLICATE_METHOD_MATCH = YES;
				COPY_PHASE_STRIP = NO;
				DEBUG_INFORMATION_FORMAT = "dwarf-with-dsym";
				ENABLE_NS_ASSERTIONS = NO;
				ENABLE_STRICT_OBJC_MSGSEND = YES;
				GCC_C_LANGUAGE_STANDARD = gnu11;
				GCC_NO_COMMON_BLOCKS = YES;
				GCC_WARN_64_TO_32_BIT_CONVERSION = YES;
				GCC_WARN_ABOUT_RETURN_TYPE = YES_ERROR;
				GCC_WARN_UNDECLARED_SELECTOR = YES;
				GCC_WARN_UNINITIALIZED_AUTOS = YES_AGGRESSIVE;
				GCC_WARN_UNUSED_FUNCTION = YES;
				GCC_WARN_UNUSED_VARIABLE = YES;
				IPHONEOS_DEPLOYMENT_TARGET = 16.4;
				MTL_ENABLE_DEBUG_INFO = NO;
				MTL_FAST_MATH = YES;
				SDKROOT = iphoneos;
				SWIFT_COMPILATION_MODE = wholemodule;
				SWIFT_OPTIMIZATION_LEVEL = "-O";
				VALIDATE_PRODUCT = YES;
			};
			name = Release;
		};
		8365C8082A76265A006C635D /* Debug */ = {
			isa = XCBuildConfiguration;
			buildSettings = {
				ASSETCATALOG_COMPILER_APPICON_NAME = AppIcon;
				ASSETCATALOG_COMPILER_GLOBAL_ACCENT_COLOR_NAME = AccentColor;
				CODE_SIGN_STYLE = Automatic;
				CURRENT_PROJECT_VERSION = 1;
				DEVELOPMENT_ASSET_PATHS = "\"testingExercise/Preview Content\"";
				ENABLE_PREVIEWS = YES;
				GENERATE_INFOPLIST_FILE = YES;
				INFOPLIST_KEY_UIApplicationSceneManifest_Generation = YES;
				INFOPLIST_KEY_UIApplicationSupportsIndirectInputEvents = YES;
				INFOPLIST_KEY_UILaunchScreen_Generation = YES;
				INFOPLIST_KEY_UISupportedInterfaceOrientations_iPad = "UIInterfaceOrientationPortrait UIInterfaceOrientationPortraitUpsideDown UIInterfaceOrientationLandscapeLeft UIInterfaceOrientationLandscapeRight";
				INFOPLIST_KEY_UISupportedInterfaceOrientations_iPhone = "UIInterfaceOrientationPortrait UIInterfaceOrientationLandscapeLeft UIInterfaceOrientationLandscapeRight";
				LD_RUNPATH_SEARCH_PATHS = (
					"$(inherited)",
					"@executable_path/Frameworks",
				);
				MARKETING_VERSION = 1.0;
				PRODUCT_BUNDLE_IDENTIFIER = kedkteam.testingExercise;
				PRODUCT_NAME = "$(TARGET_NAME)";
				SWIFT_EMIT_LOC_STRINGS = YES;
				SWIFT_VERSION = 5.0;
				TARGETED_DEVICE_FAMILY = "1,2";
			};
			name = Debug;
		};
		8365C8092A76265A006C635D /* Release */ = {
			isa = XCBuildConfiguration;
			buildSettings = {
				ASSETCATALOG_COMPILER_APPICON_NAME = AppIcon;
				ASSETCATALOG_COMPILER_GLOBAL_ACCENT_COLOR_NAME = AccentColor;
				CODE_SIGN_STYLE = Automatic;
				CURRENT_PROJECT_VERSION = 1;
				DEVELOPMENT_ASSET_PATHS = "\"testingExercise/Preview Content\"";
				ENABLE_PREVIEWS = YES;
				GENERATE_INFOPLIST_FILE = YES;
				INFOPLIST_KEY_UIApplicationSceneManifest_Generation = YES;
				INFOPLIST_KEY_UIApplicationSupportsIndirectInputEvents = YES;
				INFOPLIST_KEY_UILaunchScreen_Generation = YES;
				INFOPLIST_KEY_UISupportedInterfaceOrientations_iPad = "UIInterfaceOrientationPortrait UIInterfaceOrientationPortraitUpsideDown UIInterfaceOrientationLandscapeLeft UIInterfaceOrientationLandscapeRight";
				INFOPLIST_KEY_UISupportedInterfaceOrientations_iPhone = "UIInterfaceOrientationPortrait UIInterfaceOrientationLandscapeLeft UIInterfaceOrientationLandscapeRight";
				LD_RUNPATH_SEARCH_PATHS = (
					"$(inherited)",
					"@executable_path/Frameworks",
				);
				MARKETING_VERSION = 1.0;
				PRODUCT_BUNDLE_IDENTIFIER = kedkteam.testingExercise;
				PRODUCT_NAME = "$(TARGET_NAME)";
				SWIFT_EMIT_LOC_STRINGS = YES;
				SWIFT_VERSION = 5.0;
				TARGETED_DEVICE_FAMILY = "1,2";
			};
			name = Release;
		};
		8365C80B2A76265A006C635D /* Debug */ = {
			isa = XCBuildConfiguration;
			buildSettings = {
				ALWAYS_EMBED_SWIFT_STANDARD_LIBRARIES = YES;
				BUNDLE_LOADER = "$(TEST_HOST)";
				CODE_SIGN_STYLE = Automatic;
				CURRENT_PROJECT_VERSION = 1;
				GENERATE_INFOPLIST_FILE = YES;
				IPHONEOS_DEPLOYMENT_TARGET = 16.4;
				MARKETING_VERSION = 1.0;
				PRODUCT_BUNDLE_IDENTIFIER = kedkteam.testingExerciseTests;
				PRODUCT_NAME = "$(TARGET_NAME)";
				SWIFT_EMIT_LOC_STRINGS = NO;
				SWIFT_VERSION = 5.0;
				TARGETED_DEVICE_FAMILY = "1,2";
				TEST_HOST = "$(BUILT_PRODUCTS_DIR)/testingExercise.app/$(BUNDLE_EXECUTABLE_FOLDER_PATH)/testingExercise";
			};
			name = Debug;
		};
		8365C80C2A76265A006C635D /* Release */ = {
			isa = XCBuildConfiguration;
			buildSettings = {
				ALWAYS_EMBED_SWIFT_STANDARD_LIBRARIES = YES;
				BUNDLE_LOADER = "$(TEST_HOST)";
				CODE_SIGN_STYLE = Automatic;
				CURRENT_PROJECT_VERSION = 1;
				GENERATE_INFOPLIST_FILE = YES;
				IPHONEOS_DEPLOYMENT_TARGET = 16.4;
				MARKETING_VERSION = 1.0;
				PRODUCT_BUNDLE_IDENTIFIER = kedkteam.testingExerciseTests;
				PRODUCT_NAME = "$(TARGET_NAME)";
				SWIFT_EMIT_LOC_STRINGS = NO;
				SWIFT_VERSION = 5.0;
				TARGETED_DEVICE_FAMILY = "1,2";
				TEST_HOST = "$(BUILT_PRODUCTS_DIR)/testingExercise.app/$(BUNDLE_EXECUTABLE_FOLDER_PATH)/testingExercise";
			};
			name = Release;
		};
		8365C80E2A76265A006C635D /* Debug */ = {
			isa = XCBuildConfiguration;
			buildSettings = {
				ALWAYS_EMBED_SWIFT_STANDARD_LIBRARIES = YES;
				CODE_SIGN_STYLE = Automatic;
				CURRENT_PROJECT_VERSION = 1;
				GENERATE_INFOPLIST_FILE = YES;
				MARKETING_VERSION = 1.0;
				PRODUCT_BUNDLE_IDENTIFIER = kedkteam.testingExerciseUITests;
				PRODUCT_NAME = "$(TARGET_NAME)";
				SWIFT_EMIT_LOC_STRINGS = NO;
				SWIFT_VERSION = 5.0;
				TARGETED_DEVICE_FAMILY = "1,2";
				TEST_TARGET_NAME = testingExercise;
			};
			name = Debug;
		};
		8365C80F2A76265A006C635D /* Release */ = {
			isa = XCBuildConfiguration;
			buildSettings = {
				ALWAYS_EMBED_SWIFT_STANDARD_LIBRARIES = YES;
				CODE_SIGN_STYLE = Automatic;
				CURRENT_PROJECT_VERSION = 1;
				GENERATE_INFOPLIST_FILE = YES;
				MARKETING_VERSION = 1.0;
				PRODUCT_BUNDLE_IDENTIFIER = kedkteam.testingExerciseUITests;
				PRODUCT_NAME = "$(TARGET_NAME)";
				SWIFT_EMIT_LOC_STRINGS = NO;
				SWIFT_VERSION = 5.0;
				TARGETED_DEVICE_FAMILY = "1,2";
				TEST_TARGET_NAME = testingExercise;
			};
			name = Release;
		};
/* End XCBuildConfiguration section */

/* Begin XCConfigurationList section */
		8365C7DE2A762657006C635D /* Build configuration list for PBXProject "testingExercise" */ = {
			isa = XCConfigurationList;
			buildConfigurations = (
				8365C8052A76265A006C635D /* Debug */,
				8365C8062A76265A006C635D /* Release */,
			);
			defaultConfigurationIsVisible = 0;
			defaultConfigurationName = Release;
		};
		8365C8072A76265A006C635D /* Build configuration list for PBXNativeTarget "testingExercise" */ = {
			isa = XCConfigurationList;
			buildConfigurations = (
				8365C8082A76265A006C635D /* Debug */,
				8365C8092A76265A006C635D /* Release */,
			);
			defaultConfigurationIsVisible = 0;
			defaultConfigurationName = Release;
		};
		8365C80A2A76265A006C635D /* Build configuration list for PBXNativeTarget "testingExerciseTests" */ = {
			isa = XCConfigurationList;
			buildConfigurations = (
				8365C80B2A76265A006C635D /* Debug */,
				8365C80C2A76265A006C635D /* Release */,
			);
			defaultConfigurationIsVisible = 0;
			defaultConfigurationName = Release;
		};
		8365C80D2A76265A006C635D /* Build configuration list for PBXNativeTarget "testingExerciseUITests" */ = {
			isa = XCConfigurationList;
			buildConfigurations = (
				8365C80E2A76265A006C635D /* Debug */,
				8365C80F2A76265A006C635D /* Release */,
			);
			defaultConfigurationIsVisible = 0;
			defaultConfigurationName = Release;
		};
/* End XCConfigurationList section */
	};
	rootObject = 8365C7DB2A762657006C635D /* Project object */;
}
